// !$*UTF8*$!
{
	archiveVersion = 1;
	classes = {
	};
	objectVersion = 56;
	objects = {

/* Begin PBXBuildFile section */
		846939AB2D521F58009E5AE6 /* FitnessApp.swift in Sources */ = {isa = PBXBuildFile; fileRef = 846939AA2D521F58009E5AE6 /* FitnessApp.swift */; };
		846939AD2D521F58009E5AE6 /* ContentView.swift in Sources */ = {isa = PBXBuildFile; fileRef = 846939AC2D521F58009E5AE6 /* ContentView.swift */; };
		846939AF2D521F5A009E5AE6 /* Assets.xcassets in Resources */ = {isa = PBXBuildFile; fileRef = 846939AE2D521F5A009E5AE6 /* Assets.xcassets */; };
		846939B22D521F5A009E5AE6 /* Preview Assets.xcassets in Resources */ = {isa = PBXBuildFile; fileRef = 846939B12D521F5A009E5AE6 /* Preview Assets.xcassets */; };
		846939BC2D521F5A009E5AE6 /* FitnessTests.swift in Sources */ = {isa = PBXBuildFile; fileRef = 846939BB2D521F5A009E5AE6 /* FitnessTests.swift */; };
		846939C62D521F5B009E5AE6 /* FitnessUITests.swift in Sources */ = {isa = PBXBuildFile; fileRef = 846939C52D521F5B009E5AE6 /* FitnessUITests.swift */; };
		846939C82D521F5B009E5AE6 /* FitnessUITestsLaunchTests.swift in Sources */ = {isa = PBXBuildFile; fileRef = 846939C72D521F5B009E5AE6 /* FitnessUITestsLaunchTests.swift */; };
		846939D62D521FAA009E5AE6 /* Fitnessdb.xcdatamodeld in Sources */ = {isa = PBXBuildFile; fileRef = 846939D42D521FAA009E5AE6 /* Fitnessdb.xcdatamodeld */; };
		846939D82D522085009E5AE6 /* PersistenceController.swift in Sources */ = {isa = PBXBuildFile; fileRef = 846939D72D522085009E5AE6 /* PersistenceController.swift */; };
		846939DA2D5222A3009E5AE6 /* WorkoutView.swift in Sources */ = {isa = PBXBuildFile; fileRef = 846939D92D5222A3009E5AE6 /* WorkoutView.swift */; };
		846939DE2D522A87009E5AE6 /* WorkoutHistoryScreen.swift in Sources */ = {isa = PBXBuildFile; fileRef = 846939DD2D522A87009E5AE6 /* WorkoutHistoryScreen.swift */; };
		846939E02D523065009E5AE6 /* EditWorkoutView.swift in Sources */ = {isa = PBXBuildFile; fileRef = 846939DF2D523065009E5AE6 /* EditWorkoutView.swift */; };
/* End PBXBuildFile section */

/* Begin PBXContainerItemProxy section */
		846939B82D521F5A009E5AE6 /* PBXContainerItemProxy */ = {
			isa = PBXContainerItemProxy;
			containerPortal = 8469399F2D521F58009E5AE6 /* Project object */;
			proxyType = 1;
			remoteGlobalIDString = 846939A62D521F58009E5AE6;
			remoteInfo = Fitness;
		};
		846939C22D521F5B009E5AE6 /* PBXContainerItemProxy */ = {
			isa = PBXContainerItemProxy;
			containerPortal = 8469399F2D521F58009E5AE6 /* Project object */;
			proxyType = 1;
			remoteGlobalIDString = 846939A62D521F58009E5AE6;
			remoteInfo = Fitness;
		};
/* End PBXContainerItemProxy section */

/* Begin PBXFileReference section */
		846939A72D521F58009E5AE6 /* Fitness.app */ = {isa = PBXFileReference; explicitFileType = wrapper.application; includeInIndex = 0; path = Fitness.app; sourceTree = BUILT_PRODUCTS_DIR; };
		846939AA2D521F58009E5AE6 /* FitnessApp.swift */ = {isa = PBXFileReference; lastKnownFileType = sourcecode.swift; path = FitnessApp.swift; sourceTree = "<group>"; };
		846939AC2D521F58009E5AE6 /* ContentView.swift */ = {isa = PBXFileReference; lastKnownFileType = sourcecode.swift; path = ContentView.swift; sourceTree = "<group>"; };
		846939AE2D521F5A009E5AE6 /* Assets.xcassets */ = {isa = PBXFileReference; lastKnownFileType = folder.assetcatalog; path = Assets.xcassets; sourceTree = "<group>"; };
		846939B12D521F5A009E5AE6 /* Preview Assets.xcassets */ = {isa = PBXFileReference; lastKnownFileType = folder.assetcatalog; path = "Preview Assets.xcassets"; sourceTree = "<group>"; };
		846939B72D521F5A009E5AE6 /* FitnessTests.xctest */ = {isa = PBXFileReference; explicitFileType = wrapper.cfbundle; includeInIndex = 0; path = FitnessTests.xctest; sourceTree = BUILT_PRODUCTS_DIR; };
		846939BB2D521F5A009E5AE6 /* FitnessTests.swift */ = {isa = PBXFileReference; lastKnownFileType = sourcecode.swift; path = FitnessTests.swift; sourceTree = "<group>"; };
		846939C12D521F5B009E5AE6 /* FitnessUITests.xctest */ = {isa = PBXFileReference; explicitFileType = wrapper.cfbundle; includeInIndex = 0; path = FitnessUITests.xctest; sourceTree = BUILT_PRODUCTS_DIR; };
		846939C52D521F5B009E5AE6 /* FitnessUITests.swift */ = {isa = PBXFileReference; lastKnownFileType = sourcecode.swift; path = FitnessUITests.swift; sourceTree = "<group>"; };
		846939C72D521F5B009E5AE6 /* FitnessUITestsLaunchTests.swift */ = {isa = PBXFileReference; lastKnownFileType = sourcecode.swift; path = FitnessUITestsLaunchTests.swift; sourceTree = "<group>"; };
		846939D52D521FAA009E5AE6 /* Fitnessdb.xcdatamodel */ = {isa = PBXFileReference; lastKnownFileType = wrapper.xcdatamodel; path = Fitnessdb.xcdatamodel; sourceTree = "<group>"; };
		846939D72D522085009E5AE6 /* PersistenceController.swift */ = {isa = PBXFileReference; lastKnownFileType = sourcecode.swift; path = PersistenceController.swift; sourceTree = "<group>"; };
		846939D92D5222A3009E5AE6 /* WorkoutView.swift */ = {isa = PBXFileReference; lastKnownFileType = sourcecode.swift; path = WorkoutView.swift; sourceTree = "<group>"; };
		846939DD2D522A87009E5AE6 /* WorkoutHistoryScreen.swift */ = {isa = PBXFileReference; lastKnownFileType = sourcecode.swift; path = WorkoutHistoryScreen.swift; sourceTree = "<group>"; };
		846939DF2D523065009E5AE6 /* EditWorkoutView.swift */ = {isa = PBXFileReference; lastKnownFileType = sourcecode.swift; path = EditWorkoutView.swift; sourceTree = "<group>"; };
/* End PBXFileReference section */

/* Begin PBXFrameworksBuildPhase section */
		846939A42D521F58009E5AE6 /* Frameworks */ = {
			isa = PBXFrameworksBuildPhase;
			buildActionMask = 2147483647;
			files = (
			);
			runOnlyForDeploymentPostprocessing = 0;
		};
		846939B42D521F5A009E5AE6 /* Frameworks */ = {
			isa = PBXFrameworksBuildPhase;
			buildActionMask = 2147483647;
			files = (
			);
			runOnlyForDeploymentPostprocessing = 0;
		};
		846939BE2D521F5B009E5AE6 /* Frameworks */ = {
			isa = PBXFrameworksBuildPhase;
			buildActionMask = 2147483647;
			files = (
			);
			runOnlyForDeploymentPostprocessing = 0;
		};
/* End PBXFrameworksBuildPhase section */

/* Begin PBXGroup section */
		8469399E2D521F58009E5AE6 = {
			isa = PBXGroup;
			children = (
				846939A92D521F58009E5AE6 /* Fitness */,
				846939BA2D521F5A009E5AE6 /* FitnessTests */,
				846939C42D521F5B009E5AE6 /* FitnessUITests */,
				846939A82D521F58009E5AE6 /* Products */,
			);
			sourceTree = "<group>";
		};
		846939A82D521F58009E5AE6 /* Products */ = {
			isa = PBXGroup;
			children = (
				846939A72D521F58009E5AE6 /* Fitness.app */,
				846939B72D521F5A009E5AE6 /* FitnessTests.xctest */,
				846939C12D521F5B009E5AE6 /* FitnessUITests.xctest */,
			);
			name = Products;
			sourceTree = "<group>";
		};
		846939A92D521F58009E5AE6 /* Fitness */ = {
			isa = PBXGroup;
			children = (
				846939AA2D521F58009E5AE6 /* FitnessApp.swift */,
				846939AC2D521F58009E5AE6 /* ContentView.swift */,
				846939DD2D522A87009E5AE6 /* WorkoutHistoryScreen.swift */,
				846939DF2D523065009E5AE6 /* EditWorkoutView.swift */,
				846939D92D5222A3009E5AE6 /* WorkoutView.swift */,
				846939D72D522085009E5AE6 /* PersistenceController.swift */,
				846939D42D521FAA009E5AE6 /* Fitnessdb.xcdatamodeld */,
				846939AE2D521F5A009E5AE6 /* Assets.xcassets */,
				846939B02D521F5A009E5AE6 /* Preview Content */,
			);
			path = Fitness;
			sourceTree = "<group>";
		};
		846939B02D521F5A009E5AE6 /* Preview Content */ = {
			isa = PBXGroup;
			children = (
				846939B12D521F5A009E5AE6 /* Preview Assets.xcassets */,
			);
			path = "Preview Content";
			sourceTree = "<group>";
		};
		846939BA2D521F5A009E5AE6 /* FitnessTests */ = {
			isa = PBXGroup;
			children = (
				846939BB2D521F5A009E5AE6 /* FitnessTests.swift */,
			);
			path = FitnessTests;
			sourceTree = "<group>";
		};
		846939C42D521F5B009E5AE6 /* FitnessUITests */ = {
			isa = PBXGroup;
			children = (
				846939C52D521F5B009E5AE6 /* FitnessUITests.swift */,
				846939C72D521F5B009E5AE6 /* FitnessUITestsLaunchTests.swift */,
			);
			path = FitnessUITests;
			sourceTree = "<group>";
		};
/* End PBXGroup section */

/* Begin PBXNativeTarget section */
		846939A62D521F58009E5AE6 /* Fitness */ = {
			isa = PBXNativeTarget;
			buildConfigurationList = 846939CB2D521F5B009E5AE6 /* Build configuration list for PBXNativeTarget "Fitness" */;
			buildPhases = (
				846939A32D521F58009E5AE6 /* Sources */,
				846939A42D521F58009E5AE6 /* Frameworks */,
				846939A52D521F58009E5AE6 /* Resources */,
			);
			buildRules = (
			);
			dependencies = (
			);
			name = Fitness;
			productName = Fitness;
			productReference = 846939A72D521F58009E5AE6 /* Fitness.app */;
			productType = "com.apple.product-type.application";
		};
		846939B62D521F5A009E5AE6 /* FitnessTests */ = {
			isa = PBXNativeTarget;
			buildConfigurationList = 846939CE2D521F5B009E5AE6 /* Build configuration list for PBXNativeTarget "FitnessTests" */;
			buildPhases = (
				846939B32D521F5A009E5AE6 /* Sources */,
				846939B42D521F5A009E5AE6 /* Frameworks */,
				846939B52D521F5A009E5AE6 /* Resources */,
			);
			buildRules = (
			);
			dependencies = (
				846939B92D521F5A009E5AE6 /* PBXTargetDependency */,
			);
			name = FitnessTests;
			productName = FitnessTests;
			productReference = 846939B72D521F5A009E5AE6 /* FitnessTests.xctest */;
			productType = "com.apple.product-type.bundle.unit-test";
		};
		846939C02D521F5B009E5AE6 /* FitnessUITests */ = {
			isa = PBXNativeTarget;
			buildConfigurationList = 846939D12D521F5B009E5AE6 /* Build configuration list for PBXNativeTarget "FitnessUITests" */;
			buildPhases = (
				846939BD2D521F5B009E5AE6 /* Sources */,
				846939BE2D521F5B009E5AE6 /* Frameworks */,
				846939BF2D521F5B009E5AE6 /* Resources */,
			);
			buildRules = (
			);
			dependencies = (
				846939C32D521F5B009E5AE6 /* PBXTargetDependency */,
			);
			name = FitnessUITests;
			productName = FitnessUITests;
			productReference = 846939C12D521F5B009E5AE6 /* FitnessUITests.xctest */;
			productType = "com.apple.product-type.bundle.ui-testing";
		};
/* End PBXNativeTarget section */

/* Begin PBXProject section */
		8469399F2D521F58009E5AE6 /* Project object */ = {
			isa = PBXProject;
			attributes = {
				BuildIndependentTargetsInParallel = 1;
				LastSwiftUpdateCheck = 1400;
				LastUpgradeCheck = 1400;
				TargetAttributes = {
					846939A62D521F58009E5AE6 = {
						CreatedOnToolsVersion = 14.0.1;
					};
					846939B62D521F5A009E5AE6 = {
						CreatedOnToolsVersion = 14.0.1;
						TestTargetID = 846939A62D521F58009E5AE6;
					};
					846939C02D521F5B009E5AE6 = {
						CreatedOnToolsVersion = 14.0.1;
						TestTargetID = 846939A62D521F58009E5AE6;
					};
				};
			};
			buildConfigurationList = 846939A22D521F58009E5AE6 /* Build configuration list for PBXProject "Fitness" */;
			compatibilityVersion = "Xcode 14.0";
			developmentRegion = en;
			hasScannedForEncodings = 0;
			knownRegions = (
				en,
				Base,
			);
			mainGroup = 8469399E2D521F58009E5AE6;
			productRefGroup = 846939A82D521F58009E5AE6 /* Products */;
			projectDirPath = "";
			projectRoot = "";
			targets = (
				846939A62D521F58009E5AE6 /* Fitness */,
				846939B62D521F5A009E5AE6 /* FitnessTests */,
				846939C02D521F5B009E5AE6 /* FitnessUITests */,
			);
		};
/* End PBXProject section */

/* Begin PBXResourcesBuildPhase section */
		846939A52D521F58009E5AE6 /* Resources */ = {
			isa = PBXResourcesBuildPhase;
			buildActionMask = 2147483647;
			files = (
				846939B22D521F5A009E5AE6 /* Preview Assets.xcassets in Resources */,
				846939AF2D521F5A009E5AE6 /* Assets.xcassets in Resources */,
			);
			runOnlyForDeploymentPostprocessing = 0;
		};
		846939B52D521F5A009E5AE6 /* Resources */ = {
			isa = PBXResourcesBuildPhase;
			buildActionMask = 2147483647;
			files = (
			);
			runOnlyForDeploymentPostprocessing = 0;
		};
		846939BF2D521F5B009E5AE6 /* Resources */ = {
			isa = PBXResourcesBuildPhase;
			buildActionMask = 2147483647;
			files = (
			);
			runOnlyForDeploymentPostprocessing = 0;
		};
/* End PBXResourcesBuildPhase section */

/* Begin PBXSourcesBuildPhase section */
		846939A32D521F58009E5AE6 /* Sources */ = {
			isa = PBXSourcesBuildPhase;
			buildActionMask = 2147483647;
			files = (
				846939E02D523065009E5AE6 /* EditWorkoutView.swift in Sources */,
				846939D62D521FAA009E5AE6 /* Fitnessdb.xcdatamodeld in Sources */,
				846939AD2D521F58009E5AE6 /* ContentView.swift in Sources */,
				846939AB2D521F58009E5AE6 /* FitnessApp.swift in Sources */,
				846939D82D522085009E5AE6 /* PersistenceController.swift in Sources */,
				846939DE2D522A87009E5AE6 /* WorkoutHistoryScreen.swift in Sources */,
				846939DA2D5222A3009E5AE6 /* WorkoutView.swift in Sources */,
			);
			runOnlyForDeploymentPostprocessing = 0;
		};
		846939B32D521F5A009E5AE6 /* Sources */ = {
			isa = PBXSourcesBuildPhase;
			buildActionMask = 2147483647;
			files = (
				846939BC2D521F5A009E5AE6 /* FitnessTests.swift in Sources */,
			);
			runOnlyForDeploymentPostprocessing = 0;
		};
		846939BD2D521F5B009E5AE6 /* Sources */ = {
			isa = PBXSourcesBuildPhase;
			buildActionMask = 2147483647;
			files = (
				846939C62D521F5B009E5AE6 /* FitnessUITests.swift in Sources */,
				846939C82D521F5B009E5AE6 /* FitnessUITestsLaunchTests.swift in Sources */,
			);
			runOnlyForDeploymentPostprocessing = 0;
		};
/* End PBXSourcesBuildPhase section */

/* Begin PBXTargetDependency section */
		846939B92D521F5A009E5AE6 /* PBXTargetDependency */ = {
			isa = PBXTargetDependency;
			target = 846939A62D521F58009E5AE6 /* Fitness */;
			targetProxy = 846939B82D521F5A009E5AE6 /* PBXContainerItemProxy */;
		};
		846939C32D521F5B009E5AE6 /* PBXTargetDependency */ = {
			isa = PBXTargetDependency;
			target = 846939A62D521F58009E5AE6 /* Fitness */;
			targetProxy = 846939C22D521F5B009E5AE6 /* PBXContainerItemProxy */;
		};
/* End PBXTargetDependency section */

/* Begin XCBuildConfiguration section */
		846939C92D521F5B009E5AE6 /* Debug */ = {
			isa = XCBuildConfiguration;
			buildSettings = {
				ALWAYS_SEARCH_USER_PATHS = NO;
				CLANG_ANALYZER_NONNULL = YES;
				CLANG_ANALYZER_NUMBER_OBJECT_CONVERSION = YES_AGGRESSIVE;
				CLANG_CXX_LANGUAGE_STANDARD = "gnu++20";
				CLANG_ENABLE_MODULES = YES;
				CLANG_ENABLE_OBJC_ARC = YES;
				CLANG_ENABLE_OBJC_WEAK = YES;
				CLANG_WARN_BLOCK_CAPTURE_AUTORELEASING = YES;
				CLANG_WARN_BOOL_CONVERSION = YES;
				CLANG_WARN_COMMA = YES;
				CLANG_WARN_CONSTANT_CONVERSION = YES;
				CLANG_WARN_DEPRECATED_OBJC_IMPLEMENTATIONS = YES;
				CLANG_WARN_DIRECT_OBJC_ISA_USAGE = YES_ERROR;
				CLANG_WARN_DOCUMENTATION_COMMENTS = YES;
				CLANG_WARN_EMPTY_BODY = YES;
				CLANG_WARN_ENUM_CONVERSION = YES;
				CLANG_WARN_INFINITE_RECURSION = YES;
				CLANG_WARN_INT_CONVERSION = YES;
				CLANG_WARN_NON_LITERAL_NULL_CONVERSION = YES;
				CLANG_WARN_OBJC_IMPLICIT_RETAIN_SELF = YES;
				CLANG_WARN_OBJC_LITERAL_CONVERSION = YES;
				CLANG_WARN_OBJC_ROOT_CLASS = YES_ERROR;
				CLANG_WARN_QUOTED_INCLUDE_IN_FRAMEWORK_HEADER = YES;
				CLANG_WARN_RANGE_LOOP_ANALYSIS = YES;
				CLANG_WARN_STRICT_PROTOTYPES = YES;
				CLANG_WARN_SUSPICIOUS_MOVE = YES;
				CLANG_WARN_UNGUARDED_AVAILABILITY = YES_AGGRESSIVE;
				CLANG_WARN_UNREACHABLE_CODE = YES;
				CLANG_WARN__DUPLICATE_METHOD_MATCH = YES;
				COPY_PHASE_STRIP = NO;
				DEBUG_INFORMATION_FORMAT = dwarf;
				ENABLE_STRICT_OBJC_MSGSEND = YES;
				ENABLE_TESTABILITY = YES;
				GCC_C_LANGUAGE_STANDARD = gnu11;
				GCC_DYNAMIC_NO_PIC = NO;
				GCC_NO_COMMON_BLOCKS = YES;
				GCC_OPTIMIZATION_LEVEL = 0;
				GCC_PREPROCESSOR_DEFINITIONS = (
					"DEBUG=1",
					"$(inherited)",
				);
				GCC_WARN_64_TO_32_BIT_CONVERSION = YES;
				GCC_WARN_ABOUT_RETURN_TYPE = YES_ERROR;
				GCC_WARN_UNDECLARED_SELECTOR = YES;
				GCC_WARN_UNINITIALIZED_AUTOS = YES_AGGRESSIVE;
				GCC_WARN_UNUSED_FUNCTION = YES;
				GCC_WARN_UNUSED_VARIABLE = YES;
				IPHONEOS_DEPLOYMENT_TARGET = 16.0;
				MTL_ENABLE_DEBUG_INFO = INCLUDE_SOURCE;
				MTL_FAST_MATH = YES;
				ONLY_ACTIVE_ARCH = YES;
				SDKROOT = iphoneos;
				SWIFT_ACTIVE_COMPILATION_CONDITIONS = DEBUG;
				SWIFT_OPTIMIZATION_LEVEL = "-Onone";
			};
			name = Debug;
		};
		846939CA2D521F5B009E5AE6 /* Release */ = {
			isa = XCBuildConfiguration;
			buildSettings = {
				ALWAYS_SEARCH_USER_PATHS = NO;
				CLANG_ANALYZER_NONNULL = YES;
				CLANG_ANALYZER_NUMBER_OBJECT_CONVERSION = YES_AGGRESSIVE;
				CLANG_CXX_LANGUAGE_STANDARD = "gnu++20";
				CLANG_ENABLE_MODULES = YES;
				CLANG_ENABLE_OBJC_ARC = YES;
				CLANG_ENABLE_OBJC_WEAK = YES;
				CLANG_WARN_BLOCK_CAPTURE_AUTORELEASING = YES;
				CLANG_WARN_BOOL_CONVERSION = YES;
				CLANG_WARN_COMMA = YES;
				CLANG_WARN_CONSTANT_CONVERSION = YES;
				CLANG_WARN_DEPRECATED_OBJC_IMPLEMENTATIONS = YES;
				CLANG_WARN_DIRECT_OBJC_ISA_USAGE = YES_ERROR;
				CLANG_WARN_DOCUMENTATION_COMMENTS = YES;
				CLANG_WARN_EMPTY_BODY = YES;
				CLANG_WARN_ENUM_CONVERSION = YES;
				CLANG_WARN_INFINITE_RECURSION = YES;
				CLANG_WARN_INT_CONVERSION = YES;
				CLANG_WARN_NON_LITERAL_NULL_CONVERSION = YES;
				CLANG_WARN_OBJC_IMPLICIT_RETAIN_SELF = YES;
				CLANG_WARN_OBJC_LITERAL_CONVERSION = YES;
				CLANG_WARN_OBJC_ROOT_CLASS = YES_ERROR;
				CLANG_WARN_QUOTED_INCLUDE_IN_FRAMEWORK_HEADER = YES;
				CLANG_WARN_RANGE_LOOP_ANALYSIS = YES;
				CLANG_WARN_STRICT_PROTOTYPES = YES;
				CLANG_WARN_SUSPICIOUS_MOVE = YES;
				CLANG_WARN_UNGUARDED_AVAILABILITY = YES_AGGRESSIVE;
				CLANG_WARN_UNREACHABLE_CODE = YES;
				CLANG_WARN__DUPLICATE_METHOD_MATCH = YES;
				COPY_PHASE_STRIP = NO;
				DEBUG_INFORMATION_FORMAT = "dwarf-with-dsym";
				ENABLE_NS_ASSERTIONS = NO;
				ENABLE_STRICT_OBJC_MSGSEND = YES;
				GCC_C_LANGUAGE_STANDARD = gnu11;
				GCC_NO_COMMON_BLOCKS = YES;
				GCC_WARN_64_TO_32_BIT_CONVERSION = YES;
				GCC_WARN_ABOUT_RETURN_TYPE = YES_ERROR;
				GCC_WARN_UNDECLARED_SELECTOR = YES;
				GCC_WARN_UNINITIALIZED_AUTOS = YES_AGGRESSIVE;
				GCC_WARN_UNUSED_FUNCTION = YES;
				GCC_WARN_UNUSED_VARIABLE = YES;
				IPHONEOS_DEPLOYMENT_TARGET = 16.0;
				MTL_ENABLE_DEBUG_INFO = NO;
				MTL_FAST_MATH = YES;
				SDKROOT = iphoneos;
				SWIFT_COMPILATION_MODE = wholemodule;
				SWIFT_OPTIMIZATION_LEVEL = "-O";
				VALIDATE_PRODUCT = YES;
			};
			name = Release;
		};
		846939CC2D521F5B009E5AE6 /* Debug */ = {
			isa = XCBuildConfiguration;
			buildSettings = {
				ASSETCATALOG_COMPILER_APPICON_NAME = AppIcon;
				ASSETCATALOG_COMPILER_GLOBAL_ACCENT_COLOR_NAME = AccentColor;
				CODE_SIGN_STYLE = Automatic;
				CURRENT_PROJECT_VERSION = 1;
				DEVELOPMENT_ASSET_PATHS = "\"Fitness/Preview Content\"";
				ENABLE_PREVIEWS = YES;
				GENERATE_INFOPLIST_FILE = YES;
				INFOPLIST_KEY_UIApplicationSceneManifest_Generation = YES;
				INFOPLIST_KEY_UIApplicationSupportsIndirectInputEvents = YES;
				INFOPLIST_KEY_UILaunchScreen_Generation = YES;
				INFOPLIST_KEY_UISupportedInterfaceOrientations_iPad = "UIInterfaceOrientationPortrait UIInterfaceOrientationPortraitUpsideDown UIInterfaceOrientationLandscapeLeft UIInterfaceOrientationLandscapeRight";
				INFOPLIST_KEY_UISupportedInterfaceOrientations_iPhone = "UIInterfaceOrientationPortrait UIInterfaceOrientationLandscapeLeft UIInterfaceOrientationLandscapeRight";
				LD_RUNPATH_SEARCH_PATHS = (
					"$(inherited)",
					"@executable_path/Frameworks",
				);
				MARKETING_VERSION = 1.0;
				PRODUCT_BUNDLE_IDENTIFIER = com.example.sampleapp.Fitness;
				PRODUCT_NAME = "$(TARGET_NAME)";
				SWIFT_EMIT_LOC_STRINGS = YES;
				SWIFT_VERSION = 5.0;
				TARGETED_DEVICE_FAMILY = "1,2";
			};
			name = Debug;
		};
		846939CD2D521F5B009E5AE6 /* Release */ = {
			isa = XCBuildConfiguration;
			buildSettings = {
				ASSETCATALOG_COMPILER_APPICON_NAME = AppIcon;
				ASSETCATALOG_COMPILER_GLOBAL_ACCENT_COLOR_NAME = AccentColor;
				CODE_SIGN_STYLE = Automatic;
				CURRENT_PROJECT_VERSION = 1;
				DEVELOPMENT_ASSET_PATHS = "\"Fitness/Preview Content\"";
				ENABLE_PREVIEWS = YES;
				GENERATE_INFOPLIST_FILE = YES;
				INFOPLIST_KEY_UIApplicationSceneManifest_Generation = YES;
				INFOPLIST_KEY_UIApplicationSupportsIndirectInputEvents = YES;
				INFOPLIST_KEY_UILaunchScreen_Generation = YES;
				INFOPLIST_KEY_UISupportedInterfaceOrientations_iPad = "UIInterfaceOrientationPortrait UIInterfaceOrientationPortraitUpsideDown UIInterfaceOrientationLandscapeLeft UIInterfaceOrientationLandscapeRight";
				INFOPLIST_KEY_UISupportedInterfaceOrientations_iPhone = "UIInterfaceOrientationPortrait UIInterfaceOrientationLandscapeLeft UIInterfaceOrientationLandscapeRight";
				LD_RUNPATH_SEARCH_PATHS = (
					"$(inherited)",
					"@executable_path/Frameworks",
				);
				MARKETING_VERSION = 1.0;
				PRODUCT_BUNDLE_IDENTIFIER = com.example.sampleapp.Fitness;
				PRODUCT_NAME = "$(TARGET_NAME)";
				SWIFT_EMIT_LOC_STRINGS = YES;
				SWIFT_VERSION = 5.0;
				TARGETED_DEVICE_FAMILY = "1,2";
			};
			name = Release;
		};
		846939CF2D521F5B009E5AE6 /* Debug */ = {
			isa = XCBuildConfiguration;
			buildSettings = {
				ALWAYS_EMBED_SWIFT_STANDARD_LIBRARIES = YES;
				BUNDLE_LOADER = "$(TEST_HOST)";
				CODE_SIGN_STYLE = Automatic;
				CURRENT_PROJECT_VERSION = 1;
				GENERATE_INFOPLIST_FILE = YES;
				IPHONEOS_DEPLOYMENT_TARGET = 16.0;
				MARKETING_VERSION = 1.0;
				PRODUCT_BUNDLE_IDENTIFIER = com.example.sampleapp.FitnessTests;
				PRODUCT_NAME = "$(TARGET_NAME)";
				SWIFT_EMIT_LOC_STRINGS = NO;
				SWIFT_VERSION = 5.0;
				TARGETED_DEVICE_FAMILY = "1,2";
				TEST_HOST = "$(BUILT_PRODUCTS_DIR)/Fitness.app/$(BUNDLE_EXECUTABLE_FOLDER_PATH)/Fitness";
			};
			name = Debug;
		};
		846939D02D521F5B009E5AE6 /* Release */ = {
			isa = XCBuildConfiguration;
			buildSettings = {
				ALWAYS_EMBED_SWIFT_STANDARD_LIBRARIES = YES;
				BUNDLE_LOADER = "$(TEST_HOST)";
				CODE_SIGN_STYLE = Automatic;
				CURRENT_PROJECT_VERSION = 1;
				GENERATE_INFOPLIST_FILE = YES;
				IPHONEOS_DEPLOYMENT_TARGET = 16.0;
				MARKETING_VERSION = 1.0;
				PRODUCT_BUNDLE_IDENTIFIER = com.example.sampleapp.FitnessTests;
				PRODUCT_NAME = "$(TARGET_NAME)";
				SWIFT_EMIT_LOC_STRINGS = NO;
				SWIFT_VERSION = 5.0;
				TARGETED_DEVICE_FAMILY = "1,2";
				TEST_HOST = "$(BUILT_PRODUCTS_DIR)/Fitness.app/$(BUNDLE_EXECUTABLE_FOLDER_PATH)/Fitness";
			};
			name = Release;
		};
		846939D22D521F5B009E5AE6 /* Debug */ = {
			isa = XCBuildConfiguration;
			buildSettings = {
				ALWAYS_EMBED_SWIFT_STANDARD_LIBRARIES = YES;
				CODE_SIGN_STYLE = Automatic;
				CURRENT_PROJECT_VERSION = 1;
				GENERATE_INFOPLIST_FILE = YES;
				MARKETING_VERSION = 1.0;
				PRODUCT_BUNDLE_IDENTIFIER = com.example.sampleapp.FitnessUITests;
				PRODUCT_NAME = "$(TARGET_NAME)";
				SWIFT_EMIT_LOC_STRINGS = NO;
				SWIFT_VERSION = 5.0;
				TARGETED_DEVICE_FAMILY = "1,2";
				TEST_TARGET_NAME = Fitness;
			};
			name = Debug;
		};
		846939D32D521F5B009E5AE6 /* Release */ = {
			isa = XCBuildConfiguration;
			buildSettings = {
				ALWAYS_EMBED_SWIFT_STANDARD_LIBRARIES = YES;
				CODE_SIGN_STYLE = Automatic;
				CURRENT_PROJECT_VERSION = 1;
				GENERATE_INFOPLIST_FILE = YES;
				MARKETING_VERSION = 1.0;
				PRODUCT_BUNDLE_IDENTIFIER = com.example.sampleapp.FitnessUITests;
				PRODUCT_NAME = "$(TARGET_NAME)";
				SWIFT_EMIT_LOC_STRINGS = NO;
				SWIFT_VERSION = 5.0;
				TARGETED_DEVICE_FAMILY = "1,2";
				TEST_TARGET_NAME = Fitness;
			};
			name = Release;
		};
/* End XCBuildConfiguration section */

/* Begin XCConfigurationList section */
		846939A22D521F58009E5AE6 /* Build configuration list for PBXProject "Fitness" */ = {
			isa = XCConfigurationList;
			buildConfigurations = (
				846939C92D521F5B009E5AE6 /* Debug */,
				846939CA2D521F5B009E5AE6 /* Release */,
			);
			defaultConfigurationIsVisible = 0;
			defaultConfigurationName = Release;
		};
		846939CB2D521F5B009E5AE6 /* Build configuration list for PBXNativeTarget "Fitness" */ = {
			isa = XCConfigurationList;
			buildConfigurations = (
				846939CC2D521F5B009E5AE6 /* Debug */,
				846939CD2D521F5B009E5AE6 /* Release */,
			);
			defaultConfigurationIsVisible = 0;
			defaultConfigurationName = Release;
		};
		846939CE2D521F5B009E5AE6 /* Build configuration list for PBXNativeTarget "FitnessTests" */ = {
			isa = XCConfigurationList;
			buildConfigurations = (
				846939CF2D521F5B009E5AE6 /* Debug */,
				846939D02D521F5B009E5AE6 /* Release */,
			);
			defaultConfigurationIsVisible = 0;
			defaultConfigurationName = Release;
		};
		846939D12D521F5B009E5AE6 /* Build configuration list for PBXNativeTarget "FitnessUITests" */ = {
			isa = XCConfigurationList;
			buildConfigurations = (
				846939D22D521F5B009E5AE6 /* Debug */,
				846939D32D521F5B009E5AE6 /* Release */,
			);
			defaultConfigurationIsVisible = 0;
			defaultConfigurationName = Release;
		};
/* End XCConfigurationList section */

/* Begin XCVersionGroup section */
		846939D42D521FAA009E5AE6 /* Fitnessdb.xcdatamodeld */ = {
			isa = XCVersionGroup;
			children = (
				846939D52D521FAA009E5AE6 /* Fitnessdb.xcdatamodel */,
			);
			currentVersion = 846939D52D521FAA009E5AE6 /* Fitnessdb.xcdatamodel */;
			path = Fitnessdb.xcdatamodeld;
			sourceTree = "<group>";
			versionGroupType = wrapper.xcdatamodel;
		};
/* End XCVersionGroup section */
	};
	rootObject = 8469399F2D521F58009E5AE6 /* Project object */;
}
